
Microsoft Visual Studio Solution File, Format Version 12.00
# Visual Studio Version 17
VisualStudioVersion = 17.6.33829.357
MinimumVisualStudioVersion = 10.0.40219.1
Project("{FAE04EC0-301F-11D3-BF4B-00C04F79EFBC}") = "WebApplication1", "WebApplication1\WebApplication1.csproj", "{0FC89C7A-E5D2-4658-BEE1-AA369AAA0A8B}"
EndProject
Global
	GlobalSection(SolutionConfigurationPlatforms) = preSolution
		Debug|Any CPU = Debug|Any CPU
		Release|Any CPU = Release|Any CPU
	EndGlobalSection
	GlobalSection(ProjectConfigurationPlatforms) = postSolution
		{0FC89C7A-E5D2-4658-BEE1-AA369AAA0A8B}.Debug|Any CPU.ActiveCfg = Debug|Any CPU
		{0FC89C7A-E5D2-4658-BEE1-AA369AAA0A8B}.Debug|Any CPU.Build.0 = Debug|Any CPU
		{0FC89C7A-E5D2-4658-BEE1-AA369AAA0A8B}.Release|Any CPU.ActiveCfg = Release|Any CPU
		{0FC89C7A-E5D2-4658-BEE1-AA369AAA0A8B}.Release|Any CPU.Build.0 = Release|Any CPU
	EndGlobalSection
	GlobalSection(SolutionProperties) = preSolution
		HideSolutionNode = FALSE
	EndGlobalSection
	GlobalSection(ExtensibilityGlobals) = postSolution
		SolutionGuid = {0386C7F3-EACC-40D0-85F6-7E9926BFE0AC}
	EndGlobalSection
EndGlobal
